
Microsoft Visual Studio Solution File, Format Version 12.00
# Visual Studio Version 16
VisualStudioVersion = 16.0.31624.102
MinimumVisualStudioVersion = 10.0.40219.1
Project("{FAE04EC0-301F-11D3-BF4B-00C04F79EFBC}") = "date-changer", "date-changer.csproj", "{DDCA5FFD-AF63-4B53-8BB2-BFEEADB77C20}"
EndProject
Global
	GlobalSection(SolutionConfigurationPlatforms) = preSolution
		Debug|Any CPU = Debug|Any CPU
		Release|Any CPU = Release|Any CPU
	EndGlobalSection
	GlobalSection(ProjectConfigurationPlatforms) = postSolution
		{DDCA5FFD-AF63-4B53-8BB2-BFEEADB77C20}.Debug|Any CPU.ActiveCfg = Debug|Any CPU
		{DDCA5FFD-AF63-4B53-8BB2-BFEEADB77C20}.Debug|Any CPU.Build.0 = Debug|Any CPU
		{DDCA5FFD-AF63-4B53-8BB2-BFEEADB77C20}.Release|Any CPU.ActiveCfg = Release|Any CPU
		{DDCA5FFD-AF63-4B53-8BB2-BFEEADB77C20}.Release|Any CPU.Build.0 = Release|Any CPU
	EndGlobalSection
	GlobalSection(SolutionProperties) = preSolution
		HideSolutionNode = FALSE
	EndGlobalSection
	GlobalSection(ExtensibilityGlobals) = postSolution
		SolutionGuid = {A1D40BDD-D226-4FA1-B9FC-2DE10B8AA470}
	EndGlobalSection
EndGlobal
